
Microsoft Visual Studio Solution File, Format Version 12.00
# Visual Studio Version 16
VisualStudioVersion = 16.0.31729.503
MinimumVisualStudioVersion = 10.0.40219.1
Project("{9A19103F-16F7-4668-BE54-9A1E7A4F7556}") = "demomysql", "demomysql\demomysql.csproj", "{638471C1-73E7-4420-B4C4-D7AEB1D25858}"
EndProject
Global
	GlobalSection(SolutionConfigurationPlatforms) = preSolution
		Debug|Any CPU = Debug|Any CPU
		Release|Any CPU = Release|Any CPU
	EndGlobalSection
	GlobalSection(ProjectConfigurationPlatforms) = postSolution
		{638471C1-73E7-4420-B4C4-D7AEB1D25858}.Debug|Any CPU.ActiveCfg = Debug|Any CPU
		{638471C1-73E7-4420-B4C4-D7AEB1D25858}.Debug|Any CPU.Build.0 = Debug|Any CPU
		{638471C1-73E7-4420-B4C4-D7AEB1D25858}.Release|Any CPU.ActiveCfg = Release|Any CPU
		{638471C1-73E7-4420-B4C4-D7AEB1D25858}.Release|Any CPU.Build.0 = Release|Any CPU
	EndGlobalSection
	GlobalSection(SolutionProperties) = preSolution
		HideSolutionNode = FALSE
	EndGlobalSection
	GlobalSection(ExtensibilityGlobals) = postSolution
		SolutionGuid = {05B53E3A-DBD1-40B9-8B38-E9A9F3F06D57}
	EndGlobalSection
EndGlobal
